
Microsoft Visual Studio Solution File, Format Version 12.00
# Visual Studio Version 17
VisualStudioVersion = 17.2.32505.173
MinimumVisualStudioVersion = 10.0.40219.1
Project("{FAE04EC0-301F-11D3-BF4B-00C04F79EFBC}") = "EjemploRamasD", "EjemploRamasD.csproj", "{82889240-3144-41A0-99B4-44AC9D165E85}"
EndProject
Global
	GlobalSection(SolutionConfigurationPlatforms) = preSolution
		Debug|Any CPU = Debug|Any CPU
		Release|Any CPU = Release|Any CPU
	EndGlobalSection
	GlobalSection(ProjectConfigurationPlatforms) = postSolution
		{82889240-3144-41A0-99B4-44AC9D165E85}.Debug|Any CPU.ActiveCfg = Debug|Any CPU
		{82889240-3144-41A0-99B4-44AC9D165E85}.Debug|Any CPU.Build.0 = Debug|Any CPU
		{82889240-3144-41A0-99B4-44AC9D165E85}.Release|Any CPU.ActiveCfg = Release|Any CPU
		{82889240-3144-41A0-99B4-44AC9D165E85}.Release|Any CPU.Build.0 = Release|Any CPU
	EndGlobalSection
	GlobalSection(SolutionProperties) = preSolution
		HideSolutionNode = FALSE
	EndGlobalSection
	GlobalSection(ExtensibilityGlobals) = postSolution
		SolutionGuid = {6D2FAF62-B6FA-46DE-BC64-86B0B84BF5AC}
	EndGlobalSection
EndGlobal
